{
  "requires": true,
  "lockfileVersion": 1,
  "dependencies": {
    "chat.js": {
      "version": "1.0.2",
      "resolved": "https://registry.npmjs.org/chat.js/-/chat.js-1.0.2.tgz",
      "integrity": "sha512-0Q0FnNyFc+xiZoe2dexBbHBDf2F9CSt2bpBgjZ8gv4yghgTrv+G/EB9nsUDdt+lA0F/IOb+PlHPoky1SHDMtqQ=="
    }
  }
}
